// !$*UTF8*$!
{
	archiveVersion = 1;
	classes = {
	};
	objectVersion = 56;
	objects = {

/* Begin PBXBuildFile section */
		636EBCB62A2E230E0061A078 /* NoteData.swift in Sources */ = {isa = PBXBuildFile; fileRef = 636EBCB52A2E230E0061A078 /* NoteData.swift */; };
		63891D3A2A2E1B7F00A33300 /* AppDelegate.swift in Sources */ = {isa = PBXBuildFile; fileRef = 63891D392A2E1B7F00A33300 /* AppDelegate.swift */; };
		63891D3C2A2E1B7F00A33300 /* SceneDelegate.swift in Sources */ = {isa = PBXBuildFile; fileRef = 63891D3B2A2E1B7F00A33300 /* SceneDelegate.swift */; };
		63891D3E2A2E1B7F00A33300 /* NoteDetailVC.swift in Sources */ = {isa = PBXBuildFile; fileRef = 63891D3D2A2E1B7F00A33300 /* NoteDetailVC.swift */; };
		63891D412A2E1B7F00A33300 /* Main.storyboard in Resources */ = {isa = PBXBuildFile; fileRef = 63891D3F2A2E1B7F00A33300 /* Main.storyboard */; };
		63891D442A2E1B7F00A33300 /* NoteApp.xcdatamodeld in Sources */ = {isa = PBXBuildFile; fileRef = 63891D422A2E1B7F00A33300 /* NoteApp.xcdatamodeld */; };
		63891D462A2E1B8100A33300 /* Assets.xcassets in Resources */ = {isa = PBXBuildFile; fileRef = 63891D452A2E1B8100A33300 /* Assets.xcassets */; };
		63891D492A2E1B8100A33300 /* LaunchScreen.storyboard in Resources */ = {isa = PBXBuildFile; fileRef = 63891D472A2E1B8100A33300 /* LaunchScreen.storyboard */; };
		63891D542A2E1B8100A33300 /* NoteAppTests.swift in Sources */ = {isa = PBXBuildFile; fileRef = 63891D532A2E1B8100A33300 /* NoteAppTests.swift */; };
		63891D5E2A2E1B8100A33300 /* NoteAppUITests.swift in Sources */ = {isa = PBXBuildFile; fileRef = 63891D5D2A2E1B8100A33300 /* NoteAppUITests.swift */; };
		63891D602A2E1B8100A33300 /* NoteAppUITestsLaunchTests.swift in Sources */ = {isa = PBXBuildFile; fileRef = 63891D5F2A2E1B8100A33300 /* NoteAppUITestsLaunchTests.swift */; };
		63891D6D2A2E1E6100A33300 /* NoteCell.swift in Sources */ = {isa = PBXBuildFile; fileRef = 63891D6C2A2E1E6100A33300 /* NoteCell.swift */; };
		63891D6F2A2E1E6A00A33300 /* NoteTableView.swift in Sources */ = {isa = PBXBuildFile; fileRef = 63891D6E2A2E1E6A00A33300 /* NoteTableView.swift */; };
/* End PBXBuildFile section */

/* Begin PBXContainerItemProxy section */
		63891D502A2E1B8100A33300 /* PBXContainerItemProxy */ = {
			isa = PBXContainerItemProxy;
			containerPortal = 63891D2E2A2E1B7F00A33300 /* Project object */;
			proxyType = 1;
			remoteGlobalIDString = 63891D352A2E1B7F00A33300;
			remoteInfo = NoteApp;
		};
		63891D5A2A2E1B8100A33300 /* PBXContainerItemProxy */ = {
			isa = PBXContainerItemProxy;
			containerPortal = 63891D2E2A2E1B7F00A33300 /* Project object */;
			proxyType = 1;
			remoteGlobalIDString = 63891D352A2E1B7F00A33300;
			remoteInfo = NoteApp;
		};
/* End PBXContainerItemProxy section */

/* Begin PBXFileReference section */
		636EBCB52A2E230E0061A078 /* NoteData.swift */ = {isa = PBXFileReference; lastKnownFileType = sourcecode.swift; path = NoteData.swift; sourceTree = "<group>"; };
		63891D362A2E1B7F00A33300 /* NoteApp.app */ = {isa = PBXFileReference; explicitFileType = wrapper.application; includeInIndex = 0; path = NoteApp.app; sourceTree = BUILT_PRODUCTS_DIR; };
		63891D392A2E1B7F00A33300 /* AppDelegate.swift */ = {isa = PBXFileReference; lastKnownFileType = sourcecode.swift; path = AppDelegate.swift; sourceTree = "<group>"; };
		63891D3B2A2E1B7F00A33300 /* SceneDelegate.swift */ = {isa = PBXFileReference; lastKnownFileType = sourcecode.swift; path = SceneDelegate.swift; sourceTree = "<group>"; };
		63891D3D2A2E1B7F00A33300 /* NoteDetailVC.swift */ = {isa = PBXFileReference; lastKnownFileType = sourcecode.swift; path = NoteDetailVC.swift; sourceTree = "<group>"; };
		63891D402A2E1B7F00A33300 /* Base */ = {isa = PBXFileReference; lastKnownFileType = file.storyboard; name = Base; path = Base.lproj/Main.storyboard; sourceTree = "<group>"; };
		63891D432A2E1B7F00A33300 /* NoteApp.xcdatamodel */ = {isa = PBXFileReference; lastKnownFileType = wrapper.xcdatamodel; path = NoteApp.xcdatamodel; sourceTree = "<group>"; };
		63891D452A2E1B8100A33300 /* Assets.xcassets */ = {isa = PBXFileReference; lastKnownFileType = folder.assetcatalog; path = Assets.xcassets; sourceTree = "<group>"; };
		63891D482A2E1B8100A33300 /* Base */ = {isa = PBXFileReference; lastKnownFileType = file.storyboard; name = Base; path = Base.lproj/LaunchScreen.storyboard; sourceTree = "<group>"; };
		63891D4A2A2E1B8100A33300 /* Info.plist */ = {isa = PBXFileReference; lastKnownFileType = text.plist.xml; path = Info.plist; sourceTree = "<group>"; };
		63891D4F2A2E1B8100A33300 /* NoteAppTests.xctest */ = {isa = PBXFileReference; explicitFileType = wrapper.cfbundle; includeInIndex = 0; path = NoteAppTests.xctest; sourceTree = BUILT_PRODUCTS_DIR; };
		63891D532A2E1B8100A33300 /* NoteAppTests.swift */ = {isa = PBXFileReference; lastKnownFileType = sourcecode.swift; path = NoteAppTests.swift; sourceTree = "<group>"; };
		63891D592A2E1B8100A33300 /* NoteAppUITests.xctest */ = {isa = PBXFileReference; explicitFileType = wrapper.cfbundle; includeInIndex = 0; path = NoteAppUITests.xctest; sourceTree = BUILT_PRODUCTS_DIR; };
		63891D5D2A2E1B8100A33300 /* NoteAppUITests.swift */ = {isa = PBXFileReference; lastKnownFileType = sourcecode.swift; path = NoteAppUITests.swift; sourceTree = "<group>"; };
		63891D5F2A2E1B8100A33300 /* NoteAppUITestsLaunchTests.swift */ = {isa = PBXFileReference; lastKnownFileType = sourcecode.swift; path = NoteAppUITestsLaunchTests.swift; sourceTree = "<group>"; };
		63891D6C2A2E1E6100A33300 /* NoteCell.swift */ = {isa = PBXFileReference; lastKnownFileType = sourcecode.swift; path = NoteCell.swift; sourceTree = "<group>"; };
		63891D6E2A2E1E6A00A33300 /* NoteTableView.swift */ = {isa = PBXFileReference; lastKnownFileType = sourcecode.swift; path = NoteTableView.swift; sourceTree = "<group>"; };
/* End PBXFileReference section */

/* Begin PBXFrameworksBuildPhase section */
		63891D332A2E1B7F00A33300 /* Frameworks */ = {
			isa = PBXFrameworksBuildPhase;
			buildActionMask = 2147483647;
			files = (
			);
			runOnlyForDeploymentPostprocessing = 0;
		};
		63891D4C2A2E1B8100A33300 /* Frameworks */ = {
			isa = PBXFrameworksBuildPhase;
			buildActionMask = 2147483647;
			files = (
			);
			runOnlyForDeploymentPostprocessing = 0;
		};
		63891D562A2E1B8100A33300 /* Frameworks */ = {
			isa = PBXFrameworksBuildPhase;
			buildActionMask = 2147483647;
			files = (
			);
			runOnlyForDeploymentPostprocessing = 0;
		};
/* End PBXFrameworksBuildPhase section */

/* Begin PBXGroup section */
		63891D2D2A2E1B7F00A33300 = {
			isa = PBXGroup;
			children = (
				63891D382A2E1B7F00A33300 /* NoteApp */,
				63891D522A2E1B8100A33300 /* NoteAppTests */,
				63891D5C2A2E1B8100A33300 /* NoteAppUITests */,
				63891D372A2E1B7F00A33300 /* Products */,
			);
			sourceTree = "<group>";
		};
		63891D372A2E1B7F00A33300 /* Products */ = {
			isa = PBXGroup;
			children = (
				63891D362A2E1B7F00A33300 /* NoteApp.app */,
				63891D4F2A2E1B8100A33300 /* NoteAppTests.xctest */,
				63891D592A2E1B8100A33300 /* NoteAppUITests.xctest */,
			);
			name = Products;
			sourceTree = "<group>";
		};
		63891D382A2E1B7F00A33300 /* NoteApp */ = {
			isa = PBXGroup;
			children = (
				63891D392A2E1B7F00A33300 /* AppDelegate.swift */,
				63891D3B2A2E1B7F00A33300 /* SceneDelegate.swift */,
				63891D3D2A2E1B7F00A33300 /* NoteDetailVC.swift */,
				63891D3F2A2E1B7F00A33300 /* Main.storyboard */,
				63891D452A2E1B8100A33300 /* Assets.xcassets */,
				63891D472A2E1B8100A33300 /* LaunchScreen.storyboard */,
				63891D4A2A2E1B8100A33300 /* Info.plist */,
				63891D422A2E1B7F00A33300 /* NoteApp.xcdatamodeld */,
				63891D6C2A2E1E6100A33300 /* NoteCell.swift */,
				63891D6E2A2E1E6A00A33300 /* NoteTableView.swift */,
				636EBCB52A2E230E0061A078 /* NoteData.swift */,
			);
			path = NoteApp;
			sourceTree = "<group>";
		};
		63891D522A2E1B8100A33300 /* NoteAppTests */ = {
			isa = PBXGroup;
			children = (
				63891D532A2E1B8100A33300 /* NoteAppTests.swift */,
			);
			path = NoteAppTests;
			sourceTree = "<group>";
		};
		63891D5C2A2E1B8100A33300 /* NoteAppUITests */ = {
			isa = PBXGroup;
			children = (
				63891D5D2A2E1B8100A33300 /* NoteAppUITests.swift */,
				63891D5F2A2E1B8100A33300 /* NoteAppUITestsLaunchTests.swift */,
			);
			path = NoteAppUITests;
			sourceTree = "<group>";
		};
/* End PBXGroup section */

/* Begin PBXNativeTarget section */
		63891D352A2E1B7F00A33300 /* NoteApp */ = {
			isa = PBXNativeTarget;
			buildConfigurationList = 63891D632A2E1B8100A33300 /* Build configuration list for PBXNativeTarget "NoteApp" */;
			buildPhases = (
				63891D322A2E1B7F00A33300 /* Sources */,
				63891D332A2E1B7F00A33300 /* Frameworks */,
				63891D342A2E1B7F00A33300 /* Resources */,
			);
			buildRules = (
			);
			dependencies = (
			);
			name = NoteApp;
			productName = NoteApp;
			productReference = 63891D362A2E1B7F00A33300 /* NoteApp.app */;
			productType = "com.apple.product-type.application";
		};
		63891D4E2A2E1B8100A33300 /* NoteAppTests */ = {
			isa = PBXNativeTarget;
			buildConfigurationList = 63891D662A2E1B8100A33300 /* Build configuration list for PBXNativeTarget "NoteAppTests" */;
			buildPhases = (
				63891D4B2A2E1B8100A33300 /* Sources */,
				63891D4C2A2E1B8100A33300 /* Frameworks */,
				63891D4D2A2E1B8100A33300 /* Resources */,
			);
			buildRules = (
			);
			dependencies = (
				63891D512A2E1B8100A33300 /* PBXTargetDependency */,
			);
			name = NoteAppTests;
			productName = NoteAppTests;
			productReference = 63891D4F2A2E1B8100A33300 /* NoteAppTests.xctest */;
			productType = "com.apple.product-type.bundle.unit-test";
		};
		63891D582A2E1B8100A33300 /* NoteAppUITests */ = {
			isa = PBXNativeTarget;
			buildConfigurationList = 63891D692A2E1B8100A33300 /* Build configuration list for PBXNativeTarget "NoteAppUITests" */;
			buildPhases = (
				63891D552A2E1B8100A33300 /* Sources */,
				63891D562A2E1B8100A33300 /* Frameworks */,
				63891D572A2E1B8100A33300 /* Resources */,
			);
			buildRules = (
			);
			dependencies = (
				63891D5B2A2E1B8100A33300 /* PBXTargetDependency */,
			);
			name = NoteAppUITests;
			productName = NoteAppUITests;
			productReference = 63891D592A2E1B8100A33300 /* NoteAppUITests.xctest */;
			productType = "com.apple.product-type.bundle.ui-testing";
		};
/* End PBXNativeTarget section */

/* Begin PBXProject section */
		63891D2E2A2E1B7F00A33300 /* Project object */ = {
			isa = PBXProject;
			attributes = {
				BuildIndependentTargetsInParallel = 1;
				LastSwiftUpdateCheck = 1430;
				LastUpgradeCheck = 1430;
				TargetAttributes = {
					63891D352A2E1B7F00A33300 = {
						CreatedOnToolsVersion = 14.3.1;
					};
					63891D4E2A2E1B8100A33300 = {
						CreatedOnToolsVersion = 14.3.1;
						TestTargetID = 63891D352A2E1B7F00A33300;
					};
					63891D582A2E1B8100A33300 = {
						CreatedOnToolsVersion = 14.3.1;
						TestTargetID = 63891D352A2E1B7F00A33300;
					};
				};
			};
			buildConfigurationList = 63891D312A2E1B7F00A33300 /* Build configuration list for PBXProject "NoteApp" */;
			compatibilityVersion = "Xcode 14.0";
			developmentRegion = en;
			hasScannedForEncodings = 0;
			knownRegions = (
				en,
				Base,
			);
			mainGroup = 63891D2D2A2E1B7F00A33300;
			productRefGroup = 63891D372A2E1B7F00A33300 /* Products */;
			projectDirPath = "";
			projectRoot = "";
			targets = (
				63891D352A2E1B7F00A33300 /* NoteApp */,
				63891D4E2A2E1B8100A33300 /* NoteAppTests */,
				63891D582A2E1B8100A33300 /* NoteAppUITests */,
			);
		};
/* End PBXProject section */

/* Begin PBXResourcesBuildPhase section */
		63891D342A2E1B7F00A33300 /* Resources */ = {
			isa = PBXResourcesBuildPhase;
			buildActionMask = 2147483647;
			files = (
				63891D492A2E1B8100A33300 /* LaunchScreen.storyboard in Resources */,
				63891D462A2E1B8100A33300 /* Assets.xcassets in Resources */,
				63891D412A2E1B7F00A33300 /* Main.storyboard in Resources */,
			);
			runOnlyForDeploymentPostprocessing = 0;
		};
		63891D4D2A2E1B8100A33300 /* Resources */ = {
			isa = PBXResourcesBuildPhase;
			buildActionMask = 2147483647;
			files = (
			);
			runOnlyForDeploymentPostprocessing = 0;
		};
		63891D572A2E1B8100A33300 /* Resources */ = {
			isa = PBXResourcesBuildPhase;
			buildActionMask = 2147483647;
			files = (
			);
			runOnlyForDeploymentPostprocessing = 0;
		};
/* End PBXResourcesBuildPhase section */

/* Begin PBXSourcesBuildPhase section */
		63891D322A2E1B7F00A33300 /* Sources */ = {
			isa = PBXSourcesBuildPhase;
			buildActionMask = 2147483647;
			files = (
				63891D3E2A2E1B7F00A33300 /* NoteDetailVC.swift in Sources */,
				636EBCB62A2E230E0061A078 /* NoteData.swift in Sources */,
				63891D6F2A2E1E6A00A33300 /* NoteTableView.swift in Sources */,
				63891D3A2A2E1B7F00A33300 /* AppDelegate.swift in Sources */,
				63891D6D2A2E1E6100A33300 /* NoteCell.swift in Sources */,
				63891D3C2A2E1B7F00A33300 /* SceneDelegate.swift in Sources */,
				63891D442A2E1B7F00A33300 /* NoteApp.xcdatamodeld in Sources */,
			);
			runOnlyForDeploymentPostprocessing = 0;
		};
		63891D4B2A2E1B8100A33300 /* Sources */ = {
			isa = PBXSourcesBuildPhase;
			buildActionMask = 2147483647;
			files = (
				63891D542A2E1B8100A33300 /* NoteAppTests.swift in Sources */,
			);
			runOnlyForDeploymentPostprocessing = 0;
		};
		63891D552A2E1B8100A33300 /* Sources */ = {
			isa = PBXSourcesBuildPhase;
			buildActionMask = 2147483647;
			files = (
				63891D602A2E1B8100A33300 /* NoteAppUITestsLaunchTests.swift in Sources */,
				63891D5E2A2E1B8100A33300 /* NoteAppUITests.swift in Sources */,
			);
			runOnlyForDeploymentPostprocessing = 0;
		};
/* End PBXSourcesBuildPhase section */

/* Begin PBXTargetDependency section */
		63891D512A2E1B8100A33300 /* PBXTargetDependency */ = {
			isa = PBXTargetDependency;
			target = 63891D352A2E1B7F00A33300 /* NoteApp */;
			targetProxy = 63891D502A2E1B8100A33300 /* PBXContainerItemProxy */;
		};
		63891D5B2A2E1B8100A33300 /* PBXTargetDependency */ = {
			isa = PBXTargetDependency;
			target = 63891D352A2E1B7F00A33300 /* NoteApp */;
			targetProxy = 63891D5A2A2E1B8100A33300 /* PBXContainerItemProxy */;
		};
/* End PBXTargetDependency section */

/* Begin PBXVariantGroup section */
		63891D3F2A2E1B7F00A33300 /* Main.storyboard */ = {
			isa = PBXVariantGroup;
			children = (
				63891D402A2E1B7F00A33300 /* Base */,
			);
			name = Main.storyboard;
			sourceTree = "<group>";
		};
		63891D472A2E1B8100A33300 /* LaunchScreen.storyboard */ = {
			isa = PBXVariantGroup;
			children = (
				63891D482A2E1B8100A33300 /* Base */,
			);
			name = LaunchScreen.storyboard;
			sourceTree = "<group>";
		};
/* End PBXVariantGroup section */

/* Begin XCBuildConfiguration section */
		63891D612A2E1B8100A33300 /* Debug */ = {
			isa = XCBuildConfiguration;
			buildSettings = {
				ALWAYS_SEARCH_USER_PATHS = NO;
				CLANG_ANALYZER_NONNULL = YES;
				CLANG_ANALYZER_NUMBER_OBJECT_CONVERSION = YES_AGGRESSIVE;
				CLANG_CXX_LANGUAGE_STANDARD = "gnu++20";
				CLANG_ENABLE_MODULES = YES;
				CLANG_ENABLE_OBJC_ARC = YES;
				CLANG_ENABLE_OBJC_WEAK = YES;
				CLANG_WARN_BLOCK_CAPTURE_AUTORELEASING = YES;
				CLANG_WARN_BOOL_CONVERSION = YES;
				CLANG_WARN_COMMA = YES;
				CLANG_WARN_CONSTANT_CONVERSION = YES;
				CLANG_WARN_DEPRECATED_OBJC_IMPLEMENTATIONS = YES;
				CLANG_WARN_DIRECT_OBJC_ISA_USAGE = YES_ERROR;
				CLANG_WARN_DOCUMENTATION_COMMENTS = YES;
				CLANG_WARN_EMPTY_BODY = YES;
				CLANG_WARN_ENUM_CONVERSION = YES;
				CLANG_WARN_INFINITE_RECURSION = YES;
				CLANG_WARN_INT_CONVERSION = YES;
				CLANG_WARN_NON_LITERAL_NULL_CONVERSION = YES;
				CLANG_WARN_OBJC_IMPLICIT_RETAIN_SELF = YES;
				CLANG_WARN_OBJC_LITERAL_CONVERSION = YES;
				CLANG_WARN_OBJC_ROOT_CLASS = YES_ERROR;
				CLANG_WARN_QUOTED_INCLUDE_IN_FRAMEWORK_HEADER = YES;
				CLANG_WARN_RANGE_LOOP_ANALYSIS = YES;
				CLANG_WARN_STRICT_PROTOTYPES = YES;
				CLANG_WARN_SUSPICIOUS_MOVE = YES;
				CLANG_WARN_UNGUARDED_AVAILABILITY = YES_AGGRESSIVE;
				CLANG_WARN_UNREACHABLE_CODE = YES;
				CLANG_WARN__DUPLICATE_METHOD_MATCH = YES;
				COPY_PHASE_STRIP = NO;
				DEBUG_INFORMATION_FORMAT = dwarf;
				ENABLE_STRICT_OBJC_MSGSEND = YES;
				ENABLE_TESTABILITY = YES;
				GCC_C_LANGUAGE_STANDARD = gnu11;
				GCC_DYNAMIC_NO_PIC = NO;
				GCC_NO_COMMON_BLOCKS = YES;
				GCC_OPTIMIZATION_LEVEL = 0;
				GCC_PREPROCESSOR_DEFINITIONS = (
					"DEBUG=1",
					"$(inherited)",
				);
				GCC_WARN_64_TO_32_BIT_CONVERSION = YES;
				GCC_WARN_ABOUT_RETURN_TYPE = YES_ERROR;
				GCC_WARN_UNDECLARED_SELECTOR = YES;
				GCC_WARN_UNINITIALIZED_AUTOS = YES_AGGRESSIVE;
				GCC_WARN_UNUSED_FUNCTION = YES;
				GCC_WARN_UNUSED_VARIABLE = YES;
				IPHONEOS_DEPLOYMENT_TARGET = 16.4;
				MTL_ENABLE_DEBUG_INFO = INCLUDE_SOURCE;
				MTL_FAST_MATH = YES;
				ONLY_ACTIVE_ARCH = YES;
				SDKROOT = iphoneos;
				SWIFT_ACTIVE_COMPILATION_CONDITIONS = DEBUG;
				SWIFT_OPTIMIZATION_LEVEL = "-Onone";
			};
			name = Debug;
		};
		63891D622A2E1B8100A33300 /* Release */ = {
			isa = XCBuildConfiguration;
			buildSettings = {
				ALWAYS_SEARCH_USER_PATHS = NO;
				CLANG_ANALYZER_NONNULL = YES;
				CLANG_ANALYZER_NUMBER_OBJECT_CONVERSION = YES_AGGRESSIVE;
				CLANG_CXX_LANGUAGE_STANDARD = "gnu++20";
				CLANG_ENABLE_MODULES = YES;
				CLANG_ENABLE_OBJC_ARC = YES;
				CLANG_ENABLE_OBJC_WEAK = YES;
				CLANG_WARN_BLOCK_CAPTURE_AUTORELEASING = YES;
				CLANG_WARN_BOOL_CONVERSION = YES;
				CLANG_WARN_COMMA = YES;
				CLANG_WARN_CONSTANT_CONVERSION = YES;
				CLANG_WARN_DEPRECATED_OBJC_IMPLEMENTATIONS = YES;
				CLANG_WARN_DIRECT_OBJC_ISA_USAGE = YES_ERROR;
				CLANG_WARN_DOCUMENTATION_COMMENTS = YES;
				CLANG_WARN_EMPTY_BODY = YES;
				CLANG_WARN_ENUM_CONVERSION = YES;
				CLANG_WARN_INFINITE_RECURSION = YES;
				CLANG_WARN_INT_CONVERSION = YES;
				CLANG_WARN_NON_LITERAL_NULL_CONVERSION = YES;
				CLANG_WARN_OBJC_IMPLICIT_RETAIN_SELF = YES;
				CLANG_WARN_OBJC_LITERAL_CONVERSION = YES;
				CLANG_WARN_OBJC_ROOT_CLASS = YES_ERROR;
				CLANG_WARN_QUOTED_INCLUDE_IN_FRAMEWORK_HEADER = YES;
				CLANG_WARN_RANGE_LOOP_ANALYSIS = YES;
				CLANG_WARN_STRICT_PROTOTYPES = YES;
				CLANG_WARN_SUSPICIOUS_MOVE = YES;
				CLANG_WARN_UNGUARDED_AVAILABILITY = YES_AGGRESSIVE;
				CLANG_WARN_UNREACHABLE_CODE = YES;
				CLANG_WARN__DUPLICATE_METHOD_MATCH = YES;
				COPY_PHASE_STRIP = NO;
				DEBUG_INFORMATION_FORMAT = "dwarf-with-dsym";
				ENABLE_NS_ASSERTIONS = NO;
				ENABLE_STRICT_OBJC_MSGSEND = YES;
				GCC_C_LANGUAGE_STANDARD = gnu11;
				GCC_NO_COMMON_BLOCKS = YES;
				GCC_WARN_64_TO_32_BIT_CONVERSION = YES;
				GCC_WARN_ABOUT_RETURN_TYPE = YES_ERROR;
				GCC_WARN_UNDECLARED_SELECTOR = YES;
				GCC_WARN_UNINITIALIZED_AUTOS = YES_AGGRESSIVE;
				GCC_WARN_UNUSED_FUNCTION = YES;
				GCC_WARN_UNUSED_VARIABLE = YES;
				IPHONEOS_DEPLOYMENT_TARGET = 16.4;
				MTL_ENABLE_DEBUG_INFO = NO;
				MTL_FAST_MATH = YES;
				SDKROOT = iphoneos;
				SWIFT_COMPILATION_MODE = wholemodule;
				SWIFT_OPTIMIZATION_LEVEL = "-O";
				VALIDATE_PRODUCT = YES;
			};
			name = Release;
		};
		63891D642A2E1B8100A33300 /* Debug */ = {
			isa = XCBuildConfiguration;
			buildSettings = {
				ASSETCATALOG_COMPILER_APPICON_NAME = AppIcon;
				ASSETCATALOG_COMPILER_GLOBAL_ACCENT_COLOR_NAME = AccentColor;
				CODE_SIGN_STYLE = Automatic;
				CURRENT_PROJECT_VERSION = 1;
				DEVELOPMENT_TEAM = 637FC6BUKX;
				GENERATE_INFOPLIST_FILE = YES;
				INFOPLIST_FILE = NoteApp/Info.plist;
				INFOPLIST_KEY_UIApplicationSupportsIndirectInputEvents = YES;
				INFOPLIST_KEY_UILaunchStoryboardName = LaunchScreen;
				INFOPLIST_KEY_UIMainStoryboardFile = Main;
				INFOPLIST_KEY_UISupportedInterfaceOrientations_iPad = "UIInterfaceOrientationPortrait UIInterfaceOrientationPortraitUpsideDown UIInterfaceOrientationLandscapeLeft UIInterfaceOrientationLandscapeRight";
				INFOPLIST_KEY_UISupportedInterfaceOrientations_iPhone = "UIInterfaceOrientationPortrait UIInterfaceOrientationLandscapeLeft UIInterfaceOrientationLandscapeRight";
				LD_RUNPATH_SEARCH_PATHS = (
					"$(inherited)",
					"@executable_path/Frameworks",
				);
				MARKETING_VERSION = 1.0;
				PRODUCT_BUNDLE_IDENTIFIER = com.ekenozlu.NoteApp;
				PRODUCT_NAME = "$(TARGET_NAME)";
				SWIFT_EMIT_LOC_STRINGS = YES;
				SWIFT_VERSION = 5.0;
				TARGETED_DEVICE_FAMILY = "1,2";
			};
			name = Debug;
		};
		63891D652A2E1B8100A33300 /* Release */ = {
			isa = XCBuildConfiguration;
			buildSettings = {
				ASSETCATALOG_COMPILER_APPICON_NAME = AppIcon;
				ASSETCATALOG_COMPILER_GLOBAL_ACCENT_COLOR_NAME = AccentColor;
				CODE_SIGN_STYLE = Automatic;
				CURRENT_PROJECT_VERSION = 1;
				DEVELOPMENT_TEAM = 637FC6BUKX;
				GENERATE_INFOPLIST_FILE = YES;
				INFOPLIST_FILE = NoteApp/Info.plist;
				INFOPLIST_KEY_UIApplicationSupportsIndirectInputEvents = YES;
				INFOPLIST_KEY_UILaunchStoryboardName = LaunchScreen;
				INFOPLIST_KEY_UIMainStoryboardFile = Main;
				INFOPLIST_KEY_UISupportedInterfaceOrientations_iPad = "UIInterfaceOrientationPortrait UIInterfaceOrientationPortraitUpsideDown UIInterfaceOrientationLandscapeLeft UIInterfaceOrientationLandscapeRight";
				INFOPLIST_KEY_UISupportedInterfaceOrientations_iPhone = "UIInterfaceOrientationPortrait UIInterfaceOrientationLandscapeLeft UIInterfaceOrientationLandscapeRight";
				LD_RUNPATH_SEARCH_PATHS = (
					"$(inherited)",
					"@executable_path/Frameworks",
				);
				MARKETING_VERSION = 1.0;
				PRODUCT_BUNDLE_IDENTIFIER = com.ekenozlu.NoteApp;
				PRODUCT_NAME = "$(TARGET_NAME)";
				SWIFT_EMIT_LOC_STRINGS = YES;
				SWIFT_VERSION = 5.0;
				TARGETED_DEVICE_FAMILY = "1,2";
			};
			name = Release;
		};
		63891D672A2E1B8100A33300 /* Debug */ = {
			isa = XCBuildConfiguration;
			buildSettings = {
				ALWAYS_EMBED_SWIFT_STANDARD_LIBRARIES = YES;
				BUNDLE_LOADER = "$(TEST_HOST)";
				CODE_SIGN_STYLE = Automatic;
				CURRENT_PROJECT_VERSION = 1;
				DEVELOPMENT_TEAM = 637FC6BUKX;
				GENERATE_INFOPLIST_FILE = YES;
				IPHONEOS_DEPLOYMENT_TARGET = 16.4;
				MARKETING_VERSION = 1.0;
				PRODUCT_BUNDLE_IDENTIFIER = com.ekenozlu.NoteAppTests;
				PRODUCT_NAME = "$(TARGET_NAME)";
				SWIFT_EMIT_LOC_STRINGS = NO;
				SWIFT_VERSION = 5.0;
				TARGETED_DEVICE_FAMILY = "1,2";
				TEST_HOST = "$(BUILT_PRODUCTS_DIR)/NoteApp.app/$(BUNDLE_EXECUTABLE_FOLDER_PATH)/NoteApp";
			};
			name = Debug;
		};
		63891D682A2E1B8100A33300 /* Release */ = {
			isa = XCBuildConfiguration;
			buildSettings = {
				ALWAYS_EMBED_SWIFT_STANDARD_LIBRARIES = YES;
				BUNDLE_LOADER = "$(TEST_HOST)";
				CODE_SIGN_STYLE = Automatic;
				CURRENT_PROJECT_VERSION = 1;
				DEVELOPMENT_TEAM = 637FC6BUKX;
				GENERATE_INFOPLIST_FILE = YES;
				IPHONEOS_DEPLOYMENT_TARGET = 16.4;
				MARKETING_VERSION = 1.0;
				PRODUCT_BUNDLE_IDENTIFIER = com.ekenozlu.NoteAppTests;
				PRODUCT_NAME = "$(TARGET_NAME)";
				SWIFT_EMIT_LOC_STRINGS = NO;
				SWIFT_VERSION = 5.0;
				TARGETED_DEVICE_FAMILY = "1,2";
				TEST_HOST = "$(BUILT_PRODUCTS_DIR)/NoteApp.app/$(BUNDLE_EXECUTABLE_FOLDER_PATH)/NoteApp";
			};
			name = Release;
		};
		63891D6A2A2E1B8100A33300 /* Debug */ = {
			isa = XCBuildConfiguration;
			buildSettings = {
				ALWAYS_EMBED_SWIFT_STANDARD_LIBRARIES = YES;
				CODE_SIGN_STYLE = Automatic;
				CURRENT_PROJECT_VERSION = 1;
				DEVELOPMENT_TEAM = 637FC6BUKX;
				GENERATE_INFOPLIST_FILE = YES;
				MARKETING_VERSION = 1.0;
				PRODUCT_BUNDLE_IDENTIFIER = com.ekenozlu.NoteAppUITests;
				PRODUCT_NAME = "$(TARGET_NAME)";
				SWIFT_EMIT_LOC_STRINGS = NO;
				SWIFT_VERSION = 5.0;
				TARGETED_DEVICE_FAMILY = "1,2";
				TEST_TARGET_NAME = NoteApp;
			};
			name = Debug;
		};
		63891D6B2A2E1B8100A33300 /* Release */ = {
			isa = XCBuildConfiguration;
			buildSettings = {
				ALWAYS_EMBED_SWIFT_STANDARD_LIBRARIES = YES;
				CODE_SIGN_STYLE = Automatic;
				CURRENT_PROJECT_VERSION = 1;
				DEVELOPMENT_TEAM = 637FC6BUKX;
				GENERATE_INFOPLIST_FILE = YES;
				MARKETING_VERSION = 1.0;
				PRODUCT_BUNDLE_IDENTIFIER = com.ekenozlu.NoteAppUITests;
				PRODUCT_NAME = "$(TARGET_NAME)";
				SWIFT_EMIT_LOC_STRINGS = NO;
				SWIFT_VERSION = 5.0;
				TARGETED_DEVICE_FAMILY = "1,2";
				TEST_TARGET_NAME = NoteApp;
			};
			name = Release;
		};
/* End XCBuildConfiguration section */

/* Begin XCConfigurationList section */
		63891D312A2E1B7F00A33300 /* Build configuration list for PBXProject "NoteApp" */ = {
			isa = XCConfigurationList;
			buildConfigurations = (
				63891D612A2E1B8100A33300 /* Debug */,
				63891D622A2E1B8100A33300 /* Release */,
			);
			defaultConfigurationIsVisible = 0;
			defaultConfigurationName = Release;
		};
		63891D632A2E1B8100A33300 /* Build configuration list for PBXNativeTarget "NoteApp" */ = {
			isa = XCConfigurationList;
			buildConfigurations = (
				63891D642A2E1B8100A33300 /* Debug */,
				63891D652A2E1B8100A33300 /* Release */,
			);
			defaultConfigurationIsVisible = 0;
			defaultConfigurationName = Release;
		};
		63891D662A2E1B8100A33300 /* Build configuration list for PBXNativeTarget "NoteAppTests" */ = {
			isa = XCConfigurationList;
			buildConfigurations = (
				63891D672A2E1B8100A33300 /* Debug */,
				63891D682A2E1B8100A33300 /* Release */,
			);
			defaultConfigurationIsVisible = 0;
			defaultConfigurationName = Release;
		};
		63891D692A2E1B8100A33300 /* Build configuration list for PBXNativeTarget "NoteAppUITests" */ = {
			isa = XCConfigurationList;
			buildConfigurations = (
				63891D6A2A2E1B8100A33300 /* Debug */,
				63891D6B2A2E1B8100A33300 /* Release */,
			);
			defaultConfigurationIsVisible = 0;
			defaultConfigurationName = Release;
		};
/* End XCConfigurationList section */

/* Begin XCVersionGroup section */
		63891D422A2E1B7F00A33300 /* NoteApp.xcdatamodeld */ = {
			isa = XCVersionGroup;
			children = (
				63891D432A2E1B7F00A33300 /* NoteApp.xcdatamodel */,
			);
			currentVersion = 63891D432A2E1B7F00A33300 /* NoteApp.xcdatamodel */;
			path = NoteApp.xcdatamodeld;
			sourceTree = "<group>";
			versionGroupType = wrapper.xcdatamodel;
		};
/* End XCVersionGroup section */
	};
	rootObject = 63891D2E2A2E1B7F00A33300 /* Project object */;
}
